{
  "name": "port2k18",
  "version": "1.0.0",
  "lockfileVersion": 1,
  "requires": true,
  "dependencies": {
    "@fortawesome/fontawesome": {
      "version": "1.1.5",
      "resolved": "https://registry.npmjs.org/@fortawesome/fontawesome/-/fontawesome-1.1.5.tgz",
      "integrity": "sha512-WAgbcVs7/YTxq7RK/dhyoJPzaIZpOQnStyO5s1sj0rZa0J1ScXYoGPmsP1ec6qM/BhDjRVB228xr2DiCPTHRCA==",
      "requires": {
        "@fortawesome/fontawesome-common-types": "0.1.3"
      }
    },
    "@fortawesome/fontawesome-common-types": {
      "version": "0.1.3",
      "resolved": "https://registry.npmjs.org/@fortawesome/fontawesome-common-types/-/fontawesome-common-types-0.1.3.tgz",
      "integrity": "sha512-jJXUoNkmHozqlcXzNiYytcmEe3eNxn7Vh8hmnIoRi0TmT3ChQ0osuSApuIObIomnIcvqlA24FCpnamKvfZ7F5g=="
    },
    "@fortawesome/fontawesome-free-brands": {
      "version": "5.0.9",
      "resolved": "https://registry.npmjs.org/@fortawesome/fontawesome-free-brands/-/fontawesome-free-brands-5.0.9.tgz",
      "integrity": "sha512-99i0Hdntya/A5OqPFzT1p2iY+hBTdHNGH3xTNLHoN0lzfp9sIDgRpm/N+NY7+2xeK1HSW5O7/HpWJ88BB+kUdQ==",
      "requires": {
        "@fortawesome/fontawesome-common-types": "0.1.3"
      }
    },
    "@fortawesome/react-fontawesome": {
      "version": "0.0.17",
      "resolved": "https://registry.npmjs.org/@fortawesome/react-fontawesome/-/react-fontawesome-0.0.17.tgz",
      "integrity": "sha512-LpTGKuSVSMGzoKLph+d6l6rupPw17D1zX/dQYkryGdat9I76kwQwMYcn7ZviDDT6rTBlrdftB/1GIRvMSyPFuA==",
      "requires": {
        "humps": "2.0.1"
      }
    },
    "@types/history": {
      "version": "4.6.2",
      "resolved": "https://registry.npmjs.org/@types/history/-/history-4.6.2.tgz",
      "integrity": "sha512-eVAb52MJ4lfPLiO9VvTgv8KaZDEIqCwhv+lXOMLlt4C1YHTShgmMULEg0RrCbnqfYd6QKfHsMp0MiX0vWISpSw=="
    },
    "@types/react": {
      "version": "16.0.40",
      "resolved": "https://registry.npmjs.org/@types/react/-/react-16.0.40.tgz",
      "integrity": "sha512-OZi2OPNI1DGwnC3Fgbr1CcYfOD6V0pbv+aehXdvuFE+L+sipWjividsasuqFW/G0CZrZ81Ao+9IzjvkRDWCE9Q=="
    },
    "@types/react-router": {
      "version": "4.0.22",
      "resolved": "https://registry.npmjs.org/@types/react-router/-/react-router-4.0.22.tgz",
      "integrity": "sha512-niqN3wGnnURY24PW0soSlMe9JxZU+H3d6zWOax99+Cw3QZE7mlIdbRbD68S5z+9saS694IHTRrdqXVl4P0UT6g==",
      "requires": {
        "@types/history": "4.6.2",
        "@types/react": "16.0.40"
      }
    },
    "@types/react-router-dom": {
      "version": "4.2.4",
      "resolved": "https://registry.npmjs.org/@types/react-router-dom/-/react-router-dom-4.2.4.tgz",
      "integrity": "sha512-m90mTx1kWJ75H6WALbJtcxvbbQkt4BrlUDFrrAy7HKlAO6Vf6yRuc41m85PbIAABrJZnrMDXp1wwnR5ios8u4Q==",
      "requires": {
        "@types/history": "4.6.2",
        "@types/react": "16.0.40",
        "@types/react-router": "4.0.22"
      }
    },
    "asap": {
      "version": "2.0.6",
      "resolved": "https://registry.npmjs.org/asap/-/asap-2.0.6.tgz",
      "integrity": "sha1-5QNHYR1+aQlDIIu9r+vLwvuGbUY="
    },
    "babel-runtime": {
      "version": "6.26.0",
      "resolved": "https://registry.npmjs.org/babel-runtime/-/babel-runtime-6.26.0.tgz",
      "integrity": "sha1-llxwWGaOgrVde/4E/yM3vItWR/4=",
      "requires": {
        "core-js": "2.5.3",
        "regenerator-runtime": "0.11.1"
      }
    },
    "base64-js": {
      "version": "1.2.3",
      "resolved": "https://registry.npmjs.org/base64-js/-/base64-js-1.2.3.tgz",
      "integrity": "sha512-MsAhsUW1GxCdgYSO6tAfZrNapmUKk7mWx/k5mFY/A1gBtkaCaNapTg+FExCw1r9yeaZhqx/xPg43xgTFH6KL5w=="
    },
    "core-js": {
      "version": "2.5.3",
      "resolved": "https://registry.npmjs.org/core-js/-/core-js-2.5.3.tgz",
      "integrity": "sha1-isw4NFgk8W2DZbfJtCWRaOjtYD4="
    },
    "css-color-keywords": {
      "version": "1.0.0",
      "resolved": "https://registry.npmjs.org/css-color-keywords/-/css-color-keywords-1.0.0.tgz",
      "integrity": "sha1-/qJhbcZ2spYmhrOvjb2+GAskTgU="
    },
    "css-to-react-native": {
      "version": "2.1.2",
      "resolved": "https://registry.npmjs.org/css-to-react-native/-/css-to-react-native-2.1.2.tgz",
      "integrity": "sha512-akxvxNPNm+Qb7kGswgWhD8rLENM8857NVIn1lX0Dr9BQuju8vx6ypet7KvwvqBC01FUEne5V/jvt7FJXWJPtgw==",
      "requires": {
        "css-color-keywords": "1.0.0",
        "fbjs": "0.8.16",
        "postcss-value-parser": "3.3.0"
      }
    },
    "deep-equal": {
      "version": "1.0.1",
      "resolved": "https://registry.npmjs.org/deep-equal/-/deep-equal-1.0.1.tgz",
      "integrity": "sha1-9dJgKStmDghO/0zbyfCK0yR0SLU="
    },
    "encoding": {
      "version": "0.1.12",
      "resolved": "https://registry.npmjs.org/encoding/-/encoding-0.1.12.tgz",
      "integrity": "sha1-U4tm8+5izRq1HsMjgp0flIDHS+s=",
      "requires": {
        "iconv-lite": "0.4.19"
      }
    },
    "exenv": {
      "version": "1.2.2",
      "resolved": "https://registry.npmjs.org/exenv/-/exenv-1.2.2.tgz",
      "integrity": "sha1-KueOhdmJQVhnCwPUe+wfA72Ru50="
    },
    "fbjs": {
      "version": "0.8.16",
      "resolved": "https://registry.npmjs.org/fbjs/-/fbjs-0.8.16.tgz",
      "integrity": "sha1-XmdDL1UNxBtXK/VYR7ispk5TN9s=",
      "requires": {
        "core-js": "1.2.7",
        "isomorphic-fetch": "2.2.1",
        "loose-envify": "1.3.1",
        "object-assign": "4.1.1",
        "promise": "7.3.1",
        "setimmediate": "1.0.5",
        "ua-parser-js": "0.7.17"
      },
      "dependencies": {
        "core-js": {
          "version": "1.2.7",
          "resolved": "https://registry.npmjs.org/core-js/-/core-js-1.2.7.tgz",
          "integrity": "sha1-ZSKUwUZR2yj6k70tX/KYOk8IxjY="
        }
      }
    },
    "gatsby-image": {
      "version": "1.0.42",
      "resolved": "https://registry.npmjs.org/gatsby-image/-/gatsby-image-1.0.42.tgz",
      "integrity": "sha1-x/sv6TiEv5G8G3aBXgjHrHGM5dU=",
      "requires": {
        "babel-runtime": "6.26.0",
        "prop-types": "15.6.0"
      }
    },
    "gatsby-link": {
      "version": "1.6.40",
      "resolved": "https://registry.npmjs.org/gatsby-link/-/gatsby-link-1.6.40.tgz",
      "integrity": "sha1-5gqys2RSx0ePE1mn8D9+D8Nc2Ec=",
      "requires": {
        "@types/history": "4.6.2",
        "@types/react-router-dom": "4.2.4",
        "babel-runtime": "6.26.0",
        "prop-types": "15.6.0",
        "ric": "1.3.0"
      }
    },
    "gatsby-plugin-react-helmet": {
      "version": "2.0.9",
      "resolved": "https://registry.npmjs.org/gatsby-plugin-react-helmet/-/gatsby-plugin-react-helmet-2.0.9.tgz",
      "integrity": "sha1-8bFjBEtLhmNLWoOWOePn5R/8Tis=",
      "requires": {
        "babel-runtime": "6.26.0"
      }
    },
    "gatsby-plugin-styled-components": {
      "version": "2.0.11",
      "resolved": "https://registry.npmjs.org/gatsby-plugin-styled-components/-/gatsby-plugin-styled-components-2.0.11.tgz",
      "integrity": "sha1-w9NDjHlwu8wRboIfuWZocJi9r1c=",
      "requires": {
        "babel-runtime": "6.26.0"
      }
    },
    "has-flag": {
      "version": "1.0.0",
      "resolved": "https://registry.npmjs.org/has-flag/-/has-flag-1.0.0.tgz",
      "integrity": "sha1-nZ55MWXOAXoA8AQYxD+UKnsdEfo="
    },
    "hoist-non-react-statics": {
      "version": "2.5.0",
      "resolved": "https://registry.npmjs.org/hoist-non-react-statics/-/hoist-non-react-statics-2.5.0.tgz",
      "integrity": "sha512-6Bl6XsDT1ntE0lHbIhr4Kp2PGcleGZ66qu5Jqk8lc0Xc/IeG6gVLmwUGs/K0Us+L8VWoKgj0uWdPMataOsm31w=="
    },
    "humps": {
      "version": "2.0.1",
      "resolved": "https://registry.npmjs.org/humps/-/humps-2.0.1.tgz",
      "integrity": "sha1-3QLqYIG9BWjcXQcxhEY5V7qe+ao="
    },
    "iconv-lite": {
      "version": "0.4.19",
      "resolved": "https://registry.npmjs.org/iconv-lite/-/iconv-lite-0.4.19.tgz",
      "integrity": "sha512-oTZqweIP51xaGPI4uPa56/Pri/480R+mo7SeU+YETByQNhDG55ycFyNLIgta9vXhILrxXDmF7ZGhqZIcuN0gJQ=="
    },
    "ieee754": {
      "version": "1.1.10",
      "resolved": "https://registry.npmjs.org/ieee754/-/ieee754-1.1.10.tgz",
      "integrity": "sha512-byWFX8OyW/qeVxcY21r6Ncxl0ZYHgnf0cPup2h34eHXrCJbOp7IuqnJ4Q0omfyWl6Z++BTI6bByf31pZt7iRLg=="
    },
    "is-plain-object": {
      "version": "2.0.4",
      "resolved": "https://registry.npmjs.org/is-plain-object/-/is-plain-object-2.0.4.tgz",
      "integrity": "sha512-h5PpgXkWitc38BBMYawTYMWJHFZJVnBquFE57xFpjB8pJFiF6gZ+bU+WyI/yqXiFR5mdLsgYNaPe8uao6Uv9Og==",
      "requires": {
        "isobject": "3.0.1"
      },
      "dependencies": {
        "isobject": {
          "version": "3.0.1",
          "resolved": "https://registry.npmjs.org/isobject/-/isobject-3.0.1.tgz",
          "integrity": "sha1-TkMekrEalzFjaqH5yNHMvP2reN8="
        }
      }
    },
    "is-stream": {
      "version": "1.1.0",
      "resolved": "https://registry.npmjs.org/is-stream/-/is-stream-1.1.0.tgz",
      "integrity": "sha1-EtSj3U5o4Lec6428hBc66A2RykQ="
    },
    "isomorphic-fetch": {
      "version": "2.2.1",
      "resolved": "https://registry.npmjs.org/isomorphic-fetch/-/isomorphic-fetch-2.2.1.tgz",
      "integrity": "sha1-YRrhrPFPXoH3KVB0coGf6XM1WKk=",
      "requires": {
        "node-fetch": "1.7.3",
        "whatwg-fetch": "2.0.3"
      }
    },
    "js-tokens": {
      "version": "3.0.2",
      "resolved": "https://registry.npmjs.org/js-tokens/-/js-tokens-3.0.2.tgz",
      "integrity": "sha1-mGbfOVECEw449/mWvOtlRDIJwls="
    },
    "lodash": {
      "version": "4.17.5",
      "resolved": "https://registry.npmjs.org/lodash/-/lodash-4.17.5.tgz",
      "integrity": "sha512-svL3uiZf1RwhH+cWrfZn3A4+U58wbP0tGVTLQPbjplZxZ8ROD9VLuNgsRniTlLe7OlSqR79RUehXgpBW/s0IQw=="
    },
    "loose-envify": {
      "version": "1.3.1",
      "resolved": "https://registry.npmjs.org/loose-envify/-/loose-envify-1.3.1.tgz",
      "integrity": "sha1-0aitM/qc4OcT1l/dCsi3SNR4yEg=",
      "requires": {
        "js-tokens": "3.0.2"
      }
    },
    "node-fetch": {
      "version": "1.7.3",
      "resolved": "https://registry.npmjs.org/node-fetch/-/node-fetch-1.7.3.tgz",
      "integrity": "sha512-NhZ4CsKx7cYm2vSrBAr2PvFOe6sWDf0UYLRqA6svUYg7+/TSfVAu49jYC4BvQ4Sms9SZgdqGBgroqfDhJdTyKQ==",
      "requires": {
        "encoding": "0.1.12",
        "is-stream": "1.1.0"
      }
    },
    "object-assign": {
      "version": "4.1.1",
      "resolved": "https://registry.npmjs.org/object-assign/-/object-assign-4.1.1.tgz",
      "integrity": "sha1-IQmtx5ZYh8/AXLvUQsrIv7s2CGM="
    },
    "postcss-value-parser": {
      "version": "3.3.0",
      "resolved": "https://registry.npmjs.org/postcss-value-parser/-/postcss-value-parser-3.3.0.tgz",
      "integrity": "sha1-h/OPnxj3dKSrTIojL1xc6IcqnRU="
    },
    "prettier": {
      "version": "1.11.1",
      "resolved": "https://registry.npmjs.org/prettier/-/prettier-1.11.1.tgz",
      "integrity": "sha512-T/KD65Ot0PB97xTrG8afQ46x3oiVhnfGjGESSI9NWYcG92+OUPZKkwHqGWXH2t9jK1crnQjubECW0FuOth+hxw==",
      "dev": true
    },
    "promise": {
      "version": "7.3.1",
      "resolved": "https://registry.npmjs.org/promise/-/promise-7.3.1.tgz",
      "integrity": "sha512-nolQXZ/4L+bP/UGlkfaIujX9BKxGwmQ9OT4mOt5yvy8iK1h3wqTEJCijzGANTCCl9nWjY41juyAn2K3Q1hLLTg==",
      "requires": {
        "asap": "2.0.6"
      }
    },
    "prop-types": {
      "version": "15.6.0",
      "resolved": "https://registry.npmjs.org/prop-types/-/prop-types-15.6.0.tgz",
      "integrity": "sha1-zq8IMCL8RrSjX2nhPvda7Q1jmFY=",
      "requires": {
        "fbjs": "0.8.16",
        "loose-envify": "1.3.1",
        "object-assign": "4.1.1"
      }
    },
    "react-helmet": {
      "version": "5.2.0",
      "resolved": "https://registry.npmjs.org/react-helmet/-/react-helmet-5.2.0.tgz",
      "integrity": "sha1-qBgR3yExOm1VxfBYxK66XW89l6c=",
      "requires": {
        "deep-equal": "1.0.1",
        "object-assign": "4.1.1",
        "prop-types": "15.6.0",
        "react-side-effect": "1.1.3"
      }
    },
    "react-side-effect": {
      "version": "1.1.3",
      "resolved": "https://registry.npmjs.org/react-side-effect/-/react-side-effect-1.1.3.tgz",
      "integrity": "sha1-USwlq+DewXKDTEAB7FxR4E1BvFw=",
      "requires": {
        "exenv": "1.2.2",
        "shallowequal": "1.0.2"
      }
    },
    "react-typekit": {
      "version": "1.1.3",
      "resolved": "https://registry.npmjs.org/react-typekit/-/react-typekit-1.1.3.tgz",
      "integrity": "sha512-AJeREbfgTCV3LZjUWVHSziiErdO7YnqAZ3yws95WfZAhA8BzPC5FQRl1y3IL4ZDhMfruq+pQHEsygZ8VNVkZ9g==",
      "requires": {
        "lodash": "4.17.5",
        "prop-types": "15.6.0"
      }
    },
    "regenerator-runtime": {
      "version": "0.11.1",
      "resolved": "https://registry.npmjs.org/regenerator-runtime/-/regenerator-runtime-0.11.1.tgz",
      "integrity": "sha512-MguG95oij0fC3QV3URf4V2SDYGJhJnJGqvIIgdECeODCT98wSWDAJ94SSuVpYQUoTcGUIL6L4yNB7j1DFFHSBg=="
    },
    "ric": {
      "version": "1.3.0",
      "resolved": "https://registry.npmjs.org/ric/-/ric-1.3.0.tgz",
      "integrity": "sha1-jpUEJgnOghNUioMWTQjpT66UkJ8="
    },
    "setimmediate": {
      "version": "1.0.5",
      "resolved": "https://registry.npmjs.org/setimmediate/-/setimmediate-1.0.5.tgz",
      "integrity": "sha1-KQy7Iy4waULX1+qbg3Mqt4VvgoU="
    },
    "shallowequal": {
      "version": "1.0.2",
      "resolved": "https://registry.npmjs.org/shallowequal/-/shallowequal-1.0.2.tgz",
      "integrity": "sha512-zlVXeVUKvo+HEv1e2KQF/csyeMKx2oHvatQ9l6XjCUj3agvC8XGf6R9HvIPDSmp8FNPvx7b5kaEJTRi7CqxtEw=="
    },
    "styled-components": {
      "version": "3.2.5",
      "resolved": "https://registry.npmjs.org/styled-components/-/styled-components-3.2.5.tgz",
      "integrity": "sha1-tdXX1hirJA/xBgK1yliGuNs9Cg0=",
      "requires": {
        "buffer": "5.1.0",
        "css-to-react-native": "2.1.2",
        "fbjs": "0.8.16",
        "hoist-non-react-statics": "2.5.0",
        "is-plain-object": "2.0.4",
        "prop-types": "15.6.0",
        "stylis": "3.5.0",
        "stylis-rule-sheet": "0.0.10",
        "supports-color": "3.2.3"
      },
      "dependencies": {
        "buffer": {
          "version": "5.1.0",
          "resolved": "https://registry.npmjs.org/buffer/-/buffer-5.1.0.tgz",
          "integrity": "sha512-YkIRgwsZwJWTnyQrsBTWefizHh+8GYj3kbL1BTiAQ/9pwpino0G7B2gp5tx/FUBqUlvtxV85KNR3mwfAtv15Yw==",
          "requires": {
            "base64-js": "1.2.3",
            "ieee754": "1.1.10"
          }
        },
        "supports-color": {
          "version": "3.2.3",
          "resolved": "https://registry.npmjs.org/supports-color/-/supports-color-3.2.3.tgz",
          "integrity": "sha1-ZawFBLOVQXHYpklGsq48u4pfVPY=",
          "requires": {
            "has-flag": "1.0.0"
          }
        }
      }
    },
    "stylis": {
      "version": "3.5.0",
      "resolved": "https://registry.npmjs.org/stylis/-/stylis-3.5.0.tgz",
      "integrity": "sha512-pP7yXN6dwMzAR29Q0mBrabPCe0/mNO1MSr93bhay+hcZondvMMTpeGyd8nbhYJdyperNT2DRxONQuUGcJr5iPw=="
    },
    "stylis-rule-sheet": {
      "version": "0.0.10",
      "resolved": "https://registry.npmjs.org/stylis-rule-sheet/-/stylis-rule-sheet-0.0.10.tgz",
      "integrity": "sha512-nTbZoaqoBnmK+ptANthb10ZRZOGC+EmTLLUxeYIuHNkEKcmKgXX1XWKkUBT2Ac4es3NybooPe0SmvKdhKJZAuw=="
    },
    "ua-parser-js": {
      "version": "0.7.17",
      "resolved": "https://registry.npmjs.org/ua-parser-js/-/ua-parser-js-0.7.17.tgz",
      "integrity": "sha512-uRdSdu1oA1rncCQL7sCj8vSyZkgtL7faaw9Tc9rZ3mGgraQ7+Pdx7w5mnOSF3gw9ZNG6oc+KXfkon3bKuROm0g=="
    },
    "webfontloader": {
      "version": "1.6.28",
      "resolved": "https://registry.npmjs.org/webfontloader/-/webfontloader-1.6.28.tgz",
      "integrity": "sha1-23hhKSU8tujq5UwvsF+HCvZnW64="
    },
    "whatwg-fetch": {
      "version": "2.0.3",
      "resolved": "https://registry.npmjs.org/whatwg-fetch/-/whatwg-fetch-2.0.3.tgz",
      "integrity": "sha1-nITsLc9oGH/wC8ZOEnS0QhduHIQ="
    }
  }
}
